
Microsoft Visual Studio Solution File, Format Version 12.00
# Visual Studio Version 16
VisualStudioVersion = 16.0.31605.320
MinimumVisualStudioVersion = 10.0.40219.1
Project("{FAE04EC0-301F-11D3-BF4B-00C04F79EFBC}") = "MethodAssignment", "MethodAssignment.csproj", "{B19A48B8-0AA8-4526-A140-C3DDB5D50CBD}"
EndProject
Project("{FAE04EC0-301F-11D3-BF4B-00C04F79EFBC}") = "MethodClassAssignment", "MethodClassAssignment\MethodClassAssignment.csproj", "{8E6BCE38-1E7F-4C7B-8EED-FC04D8B0540D}"
EndProject
Project("{FAE04EC0-301F-11D3-BF4B-00C04F79EFBC}") = "MethodClassAssignment2", "MethodClassAssignment2\MethodClassAssignment2.csproj", "{A9C3CAA3-7838-40D0-B68E-D54C6FB202FC}"
EndProject
Project("{FAE04EC0-301F-11D3-BF4B-00C04F79EFBC}") = "MethodClassAssignment3", "MethodClassAssignment3\MethodClassAssignment3.csproj", "{790B73EA-7378-4FF0-A554-3A867802617B}"
EndProject
Project("{FAE04EC0-301F-11D3-BF4B-00C04F79EFBC}") = "MethodClassAssignment4", "MethodClassAssignment4\MethodClassAssignment4.csproj", "{6F1B571C-5059-496E-B90A-214983F158BE}"
EndProject
Global
	GlobalSection(SolutionConfigurationPlatforms) = preSolution
		Debug|Any CPU = Debug|Any CPU
		Release|Any CPU = Release|Any CPU
	EndGlobalSection
	GlobalSection(ProjectConfigurationPlatforms) = postSolution
		{B19A48B8-0AA8-4526-A140-C3DDB5D50CBD}.Debug|Any CPU.ActiveCfg = Debug|Any CPU
		{B19A48B8-0AA8-4526-A140-C3DDB5D50CBD}.Debug|Any CPU.Build.0 = Debug|Any CPU
		{B19A48B8-0AA8-4526-A140-C3DDB5D50CBD}.Release|Any CPU.ActiveCfg = Release|Any CPU
		{B19A48B8-0AA8-4526-A140-C3DDB5D50CBD}.Release|Any CPU.Build.0 = Release|Any CPU
		{8E6BCE38-1E7F-4C7B-8EED-FC04D8B0540D}.Debug|Any CPU.ActiveCfg = Debug|Any CPU
		{8E6BCE38-1E7F-4C7B-8EED-FC04D8B0540D}.Debug|Any CPU.Build.0 = Debug|Any CPU
		{8E6BCE38-1E7F-4C7B-8EED-FC04D8B0540D}.Release|Any CPU.ActiveCfg = Release|Any CPU
		{8E6BCE38-1E7F-4C7B-8EED-FC04D8B0540D}.Release|Any CPU.Build.0 = Release|Any CPU
		{A9C3CAA3-7838-40D0-B68E-D54C6FB202FC}.Debug|Any CPU.ActiveCfg = Debug|Any CPU
		{A9C3CAA3-7838-40D0-B68E-D54C6FB202FC}.Debug|Any CPU.Build.0 = Debug|Any CPU
		{A9C3CAA3-7838-40D0-B68E-D54C6FB202FC}.Release|Any CPU.ActiveCfg = Release|Any CPU
		{A9C3CAA3-7838-40D0-B68E-D54C6FB202FC}.Release|Any CPU.Build.0 = Release|Any CPU
		{790B73EA-7378-4FF0-A554-3A867802617B}.Debug|Any CPU.ActiveCfg = Debug|Any CPU
		{790B73EA-7378-4FF0-A554-3A867802617B}.Debug|Any CPU.Build.0 = Debug|Any CPU
		{790B73EA-7378-4FF0-A554-3A867802617B}.Release|Any CPU.ActiveCfg = Release|Any CPU
		{790B73EA-7378-4FF0-A554-3A867802617B}.Release|Any CPU.Build.0 = Release|Any CPU
		{6F1B571C-5059-496E-B90A-214983F158BE}.Debug|Any CPU.ActiveCfg = Debug|Any CPU
		{6F1B571C-5059-496E-B90A-214983F158BE}.Debug|Any CPU.Build.0 = Debug|Any CPU
		{6F1B571C-5059-496E-B90A-214983F158BE}.Release|Any CPU.ActiveCfg = Release|Any CPU
		{6F1B571C-5059-496E-B90A-214983F158BE}.Release|Any CPU.Build.0 = Release|Any CPU
	EndGlobalSection
	GlobalSection(SolutionProperties) = preSolution
		HideSolutionNode = FALSE
	EndGlobalSection
	GlobalSection(ExtensibilityGlobals) = postSolution
		SolutionGuid = {225F353C-7418-4FB1-818E-A7999A28700A}
	EndGlobalSection
EndGlobal
